
Microsoft Visual Studio Solution File, Format Version 12.00
# Visual Studio 15
VisualStudioVersion = 15.0.26730.16
MinimumVisualStudioVersion = 10.0.40219.1
Project("{FAE04EC0-301F-11D3-BF4B-00C04F79EFBC}") = "TechTruffleShuffle.UI", "TechTruffleShuffle.UI\TechTruffleShuffle.UI.csproj", "{AA02F065-EBC8-49D0-AD7A-15F797C5F21A}"
EndProject
Project("{FAE04EC0-301F-11D3-BF4B-00C04F79EFBC}") = "TechTruffleShuffle.Data", "TechTruffleShuffle.Data\TechTruffleShuffle.Data.csproj", "{F83193E2-221F-490F-902A-CCEEFDBD282D}"
EndProject
Project("{FAE04EC0-301F-11D3-BF4B-00C04F79EFBC}") = "TechTruffleShuffle.Models", "TechTruffleShuffle.Models\TechTruffleShuffle.Models.csproj", "{64AA6F4C-3B5A-43EE-A375-D643F6B7079D}"
EndProject
Project("{FAE04EC0-301F-11D3-BF4B-00C04F79EFBC}") = "TechTruffleShuffle.Tests", "TechTruffleShuffle.Tests\TechTruffleShuffle.Tests.csproj", "{342623F8-A69D-490A-A3FA-D9735E467D40}"
EndProject
Global
	GlobalSection(SolutionConfigurationPlatforms) = preSolution
		Debug|Any CPU = Debug|Any CPU
		Release|Any CPU = Release|Any CPU
	EndGlobalSection
	GlobalSection(ProjectConfigurationPlatforms) = postSolution
		{AA02F065-EBC8-49D0-AD7A-15F797C5F21A}.Debug|Any CPU.ActiveCfg = Debug|Any CPU
		{AA02F065-EBC8-49D0-AD7A-15F797C5F21A}.Debug|Any CPU.Build.0 = Debug|Any CPU
		{AA02F065-EBC8-49D0-AD7A-15F797C5F21A}.Release|Any CPU.ActiveCfg = Release|Any CPU
		{AA02F065-EBC8-49D0-AD7A-15F797C5F21A}.Release|Any CPU.Build.0 = Release|Any CPU
		{F83193E2-221F-490F-902A-CCEEFDBD282D}.Debug|Any CPU.ActiveCfg = Debug|Any CPU
		{F83193E2-221F-490F-902A-CCEEFDBD282D}.Debug|Any CPU.Build.0 = Debug|Any CPU
		{F83193E2-221F-490F-902A-CCEEFDBD282D}.Release|Any CPU.ActiveCfg = Release|Any CPU
		{F83193E2-221F-490F-902A-CCEEFDBD282D}.Release|Any CPU.Build.0 = Release|Any CPU
		{64AA6F4C-3B5A-43EE-A375-D643F6B7079D}.Debug|Any CPU.ActiveCfg = Debug|Any CPU
		{64AA6F4C-3B5A-43EE-A375-D643F6B7079D}.Debug|Any CPU.Build.0 = Debug|Any CPU
		{64AA6F4C-3B5A-43EE-A375-D643F6B7079D}.Release|Any CPU.ActiveCfg = Release|Any CPU
		{64AA6F4C-3B5A-43EE-A375-D643F6B7079D}.Release|Any CPU.Build.0 = Release|Any CPU
		{342623F8-A69D-490A-A3FA-D9735E467D40}.Debug|Any CPU.ActiveCfg = Debug|Any CPU
		{342623F8-A69D-490A-A3FA-D9735E467D40}.Debug|Any CPU.Build.0 = Debug|Any CPU
		{342623F8-A69D-490A-A3FA-D9735E467D40}.Release|Any CPU.ActiveCfg = Release|Any CPU
		{342623F8-A69D-490A-A3FA-D9735E467D40}.Release|Any CPU.Build.0 = Release|Any CPU
	EndGlobalSection
	GlobalSection(SolutionProperties) = preSolution
		HideSolutionNode = FALSE
	EndGlobalSection
	GlobalSection(ExtensibilityGlobals) = postSolution
		SolutionGuid = {18BB7C14-534E-4627-B9A5-8D4C7A85C97E}
	EndGlobalSection
EndGlobal
